{
  "name": "razorpay",
  "version": "1.0.0",
  "lockfileVersion": 3,
  "requires": true,
  "packages": {
    "": {
      "name": "razorpay",
      "version": "1.0.0",
      "dependencies": {
        "feather": "^0.0.5"
      }
    },
    "node_modules/feather": {
      "version": "0.0.5",
      "resolved": "https://registry.npmjs.org/feather/-/feather-0.0.5.tgz",
      "integrity": "sha512-DHy7LJT1W/xcXgaRXPH660DiYgUA3aqEWgY+QxjvvYSV8KlZioNfs2dWvmZbbOQOf1VFj/r+L2vPZmz7YpuvGg==",
      "dependencies": {
        "utest": "0.0.2"
      },
      "engines": {
        "node": "*"
      }
    },
    "node_modules/utest": {
      "version": "0.0.2",
      "resolved": "https://registry.npmjs.org/utest/-/utest-0.0.2.tgz",
      "integrity": "sha512-Pnwb/qvydIBdIXf9VPrTtd1qfChKyBy7rFbdB7T538Tqk4MVP+QBmp0KHbkJUhI6D+wP5KEStxgQq1OgZfpARw==",
      "engines": {
        "node": "*"
      }
    }
  }
}
